
Microsoft Visual Studio Solution File, Format Version 12.00
# Visual Studio Version 17
VisualStudioVersion = 17.5.002.0
MinimumVisualStudioVersion = 10.0.40219.1
Project("{FAE04EC0-301F-11D3-BF4B-00C04F79EFBC}") = "Server", "Server\Server.csproj", "{51383955-3F18-418F-A1E9-893048E231FC}"
EndProject
Project("{FAE04EC0-301F-11D3-BF4B-00C04F79EFBC}") = "Library", "Library\Library.csproj", "{B0629DEE-5935-4E64-8B4E-F6B5E9B96052}"
EndProject
Global
	GlobalSection(SolutionConfigurationPlatforms) = preSolution
		Debug|Any CPU = Debug|Any CPU
		Release|Any CPU = Release|Any CPU
	EndGlobalSection
	GlobalSection(ProjectConfigurationPlatforms) = postSolution
		{51383955-3F18-418F-A1E9-893048E231FC}.Debug|Any CPU.ActiveCfg = Debug|Any CPU
		{51383955-3F18-418F-A1E9-893048E231FC}.Debug|Any CPU.Build.0 = Debug|Any CPU
		{51383955-3F18-418F-A1E9-893048E231FC}.Release|Any CPU.ActiveCfg = Release|Any CPU
		{51383955-3F18-418F-A1E9-893048E231FC}.Release|Any CPU.Build.0 = Release|Any CPU
		{B0629DEE-5935-4E64-8B4E-F6B5E9B96052}.Debug|Any CPU.ActiveCfg = Debug|Any CPU
		{B0629DEE-5935-4E64-8B4E-F6B5E9B96052}.Debug|Any CPU.Build.0 = Debug|Any CPU
		{B0629DEE-5935-4E64-8B4E-F6B5E9B96052}.Release|Any CPU.ActiveCfg = Release|Any CPU
		{B0629DEE-5935-4E64-8B4E-F6B5E9B96052}.Release|Any CPU.Build.0 = Release|Any CPU
	EndGlobalSection
	GlobalSection(SolutionProperties) = preSolution
		HideSolutionNode = FALSE
	EndGlobalSection
	GlobalSection(ExtensibilityGlobals) = postSolution
		SolutionGuid = {4F8F03FE-4E06-4B8E-872E-BB6F74CBBC5F}
	EndGlobalSection
EndGlobal
